// !$*UTF8*$!
{
	archiveVersion = 1;
	classes = {
	};
	objectVersion = 48;
	objects = {

/* Begin PBXBuildFile section */
		29358AD51FAF2017003F93A7 /* AllListsViewController.swift in Sources */ = {isa = PBXBuildFile; fileRef = 29358AD41FAF2017003F93A7 /* AllListsViewController.swift */; };
		29E240681F9CE63B00D7A7AA /* AppDelegate.swift in Sources */ = {isa = PBXBuildFile; fileRef = 29E240671F9CE63B00D7A7AA /* AppDelegate.swift */; };
		29E2406A1F9CE63B00D7A7AA /* ChecklistViewController.swift in Sources */ = {isa = PBXBuildFile; fileRef = 29E240691F9CE63B00D7A7AA /* ChecklistViewController.swift */; };
		29E2406D1F9CE63B00D7A7AA /* Main.storyboard in Resources */ = {isa = PBXBuildFile; fileRef = 29E2406B1F9CE63B00D7A7AA /* Main.storyboard */; };
		29E2406F1F9CE63B00D7A7AA /* Assets.xcassets in Resources */ = {isa = PBXBuildFile; fileRef = 29E2406E1F9CE63B00D7A7AA /* Assets.xcassets */; };
		29E240721F9CE63B00D7A7AA /* LaunchScreen.storyboard in Resources */ = {isa = PBXBuildFile; fileRef = 29E240701F9CE63B00D7A7AA /* LaunchScreen.storyboard */; };
		29E2407A1F9CF22100D7A7AA /* ChecklistItem.swift in Sources */ = {isa = PBXBuildFile; fileRef = 29E240791F9CF22100D7A7AA /* ChecklistItem.swift */; };
		29E2407C1F9CFC3F00D7A7AA /* ItemDetailViewController.swift in Sources */ = {isa = PBXBuildFile; fileRef = 29E2407B1F9CFC3F00D7A7AA /* ItemDetailViewController.swift */; };
		363DB8491FB59C470023EBDA /* IconPickerViewController.swift in Sources */ = {isa = PBXBuildFile; fileRef = 363DB8481FB59C470023EBDA /* IconPickerViewController.swift */; };
		3653992C1FB1E650001978DD /* Checklist.swift in Sources */ = {isa = PBXBuildFile; fileRef = 3653992B1FB1E650001978DD /* Checklist.swift */; };
		3674CCF81FB1EDF900B25FC2 /* ListDetailViewController.swift in Sources */ = {isa = PBXBuildFile; fileRef = 3674CCF71FB1EDF900B25FC2 /* ListDetailViewController.swift */; };
		3674CCFA1FB2014600B25FC2 /* DataModel.swift in Sources */ = {isa = PBXBuildFile; fileRef = 3674CCF91FB2014600B25FC2 /* DataModel.swift */; };
/* End PBXBuildFile section */

/* Begin PBXFileReference section */
		29358AD41FAF2017003F93A7 /* AllListsViewController.swift */ = {isa = PBXFileReference; lastKnownFileType = sourcecode.swift; path = AllListsViewController.swift; sourceTree = "<group>"; };
		29E240641F9CE63B00D7A7AA /* Checklists.app */ = {isa = PBXFileReference; explicitFileType = wrapper.application; includeInIndex = 0; path = Checklists.app; sourceTree = BUILT_PRODUCTS_DIR; };
		29E240671F9CE63B00D7A7AA /* AppDelegate.swift */ = {isa = PBXFileReference; lastKnownFileType = sourcecode.swift; path = AppDelegate.swift; sourceTree = "<group>"; };
		29E240691F9CE63B00D7A7AA /* ChecklistViewController.swift */ = {isa = PBXFileReference; lastKnownFileType = sourcecode.swift; path = ChecklistViewController.swift; sourceTree = "<group>"; };
		29E2406C1F9CE63B00D7A7AA /* Base */ = {isa = PBXFileReference; lastKnownFileType = file.storyboard; name = Base; path = Base.lproj/Main.storyboard; sourceTree = "<group>"; };
		29E2406E1F9CE63B00D7A7AA /* Assets.xcassets */ = {isa = PBXFileReference; lastKnownFileType = folder.assetcatalog; path = Assets.xcassets; sourceTree = "<group>"; };
		29E240711F9CE63B00D7A7AA /* Base */ = {isa = PBXFileReference; lastKnownFileType = file.storyboard; name = Base; path = Base.lproj/LaunchScreen.storyboard; sourceTree = "<group>"; };
		29E240731F9CE63B00D7A7AA /* Info.plist */ = {isa = PBXFileReference; lastKnownFileType = text.plist.xml; path = Info.plist; sourceTree = "<group>"; };
		29E240791F9CF22100D7A7AA /* ChecklistItem.swift */ = {isa = PBXFileReference; lastKnownFileType = sourcecode.swift; path = ChecklistItem.swift; sourceTree = "<group>"; };
		29E2407B1F9CFC3F00D7A7AA /* ItemDetailViewController.swift */ = {isa = PBXFileReference; lastKnownFileType = sourcecode.swift; path = ItemDetailViewController.swift; sourceTree = "<group>"; };
		363DB8481FB59C470023EBDA /* IconPickerViewController.swift */ = {isa = PBXFileReference; lastKnownFileType = sourcecode.swift; path = IconPickerViewController.swift; sourceTree = "<group>"; };
		3653992B1FB1E650001978DD /* Checklist.swift */ = {isa = PBXFileReference; lastKnownFileType = sourcecode.swift; path = Checklist.swift; sourceTree = "<group>"; };
		3674CCF71FB1EDF900B25FC2 /* ListDetailViewController.swift */ = {isa = PBXFileReference; lastKnownFileType = sourcecode.swift; path = ListDetailViewController.swift; sourceTree = "<group>"; };
		3674CCF91FB2014600B25FC2 /* DataModel.swift */ = {isa = PBXFileReference; lastKnownFileType = sourcecode.swift; path = DataModel.swift; sourceTree = "<group>"; };
/* End PBXFileReference section */

/* Begin PBXFrameworksBuildPhase section */
		29E240611F9CE63B00D7A7AA /* Frameworks */ = {
			isa = PBXFrameworksBuildPhase;
			buildActionMask = 2147483647;
			files = (
			);
			runOnlyForDeploymentPostprocessing = 0;
		};
/* End PBXFrameworksBuildPhase section */

/* Begin PBXGroup section */
		29E2405B1F9CE63B00D7A7AA = {
			isa = PBXGroup;
			children = (
				29E240661F9CE63B00D7A7AA /* Checklists */,
				29E240651F9CE63B00D7A7AA /* Products */,
			);
			sourceTree = "<group>";
		};
		29E240651F9CE63B00D7A7AA /* Products */ = {
			isa = PBXGroup;
			children = (
				29E240641F9CE63B00D7A7AA /* Checklists.app */,
			);
			name = Products;
			sourceTree = "<group>";
		};
		29E240661F9CE63B00D7A7AA /* Checklists */ = {
			isa = PBXGroup;
			children = (
				363DB8431FB485560023EBDA /* DataModels */,
				363DB8441FB485780023EBDA /* ViewControllers */,
				363DB8451FB4858B0023EBDA /* Resources */,
				29E240671F9CE63B00D7A7AA /* AppDelegate.swift */,
				29E240731F9CE63B00D7A7AA /* Info.plist */,
			);
			path = Checklists;
			sourceTree = "<group>";
		};
		363DB8431FB485560023EBDA /* DataModels */ = {
			isa = PBXGroup;
			children = (
				3674CCF91FB2014600B25FC2 /* DataModel.swift */,
				29E240791F9CF22100D7A7AA /* ChecklistItem.swift */,
				3653992B1FB1E650001978DD /* Checklist.swift */,
			);
			path = DataModels;
			sourceTree = "<group>";
		};
		363DB8441FB485780023EBDA /* ViewControllers */ = {
			isa = PBXGroup;
			children = (
				29358AD41FAF2017003F93A7 /* AllListsViewController.swift */,
				3674CCF71FB1EDF900B25FC2 /* ListDetailViewController.swift */,
				29E240691F9CE63B00D7A7AA /* ChecklistViewController.swift */,
				29E2407B1F9CFC3F00D7A7AA /* ItemDetailViewController.swift */,
				363DB8481FB59C470023EBDA /* IconPickerViewController.swift */,
			);
			path = ViewControllers;
			sourceTree = "<group>";
		};
		363DB8451FB4858B0023EBDA /* Resources */ = {
			isa = PBXGroup;
			children = (
				29E2406E1F9CE63B00D7A7AA /* Assets.xcassets */,
				29E240701F9CE63B00D7A7AA /* LaunchScreen.storyboard */,
				29E2406B1F9CE63B00D7A7AA /* Main.storyboard */,
			);
			path = Resources;
			sourceTree = "<group>";
		};
/* End PBXGroup section */

/* Begin PBXNativeTarget section */
		29E240631F9CE63B00D7A7AA /* Checklists */ = {
			isa = PBXNativeTarget;
			buildConfigurationList = 29E240761F9CE63B00D7A7AA /* Build configuration list for PBXNativeTarget "Checklists" */;
			buildPhases = (
				29E240601F9CE63B00D7A7AA /* Sources */,
				29E240611F9CE63B00D7A7AA /* Frameworks */,
				29E240621F9CE63B00D7A7AA /* Resources */,
			);
			buildRules = (
			);
			dependencies = (
			);
			name = Checklists;
			productName = Checklists;
			productReference = 29E240641F9CE63B00D7A7AA /* Checklists.app */;
			productType = "com.apple.product-type.application";
		};
/* End PBXNativeTarget section */

/* Begin PBXProject section */
		29E2405C1F9CE63B00D7A7AA /* Project object */ = {
			isa = PBXProject;
			attributes = {
				LastSwiftUpdateCheck = 0900;
				LastUpgradeCheck = 0900;
				ORGANIZATIONNAME = "Martin Rist";
				TargetAttributes = {
					29E240631F9CE63B00D7A7AA = {
						CreatedOnToolsVersion = 9.0.1;
						ProvisioningStyle = Automatic;
					};
				};
			};
			buildConfigurationList = 29E2405F1F9CE63B00D7A7AA /* Build configuration list for PBXProject "Checklists" */;
			compatibilityVersion = "Xcode 8.0";
			developmentRegion = en;
			hasScannedForEncodings = 0;
			knownRegions = (
				en,
				Base,
			);
			mainGroup = 29E2405B1F9CE63B00D7A7AA;
			productRefGroup = 29E240651F9CE63B00D7A7AA /* Products */;
			projectDirPath = "";
			projectRoot = "";
			targets = (
				29E240631F9CE63B00D7A7AA /* Checklists */,
			);
		};
/* End PBXProject section */

/* Begin PBXResourcesBuildPhase section */
		29E240621F9CE63B00D7A7AA /* Resources */ = {
			isa = PBXResourcesBuildPhase;
			buildActionMask = 2147483647;
			files = (
				29E240721F9CE63B00D7A7AA /* LaunchScreen.storyboard in Resources */,
				29E2406F1F9CE63B00D7A7AA /* Assets.xcassets in Resources */,
				29E2406D1F9CE63B00D7A7AA /* Main.storyboard in Resources */,
			);
			runOnlyForDeploymentPostprocessing = 0;
		};
/* End PBXResourcesBuildPhase section */

/* Begin PBXSourcesBuildPhase section */
		29E240601F9CE63B00D7A7AA /* Sources */ = {
			isa = PBXSourcesBuildPhase;
			buildActionMask = 2147483647;
			files = (
				29E2407C1F9CFC3F00D7A7AA /* ItemDetailViewController.swift in Sources */,
				29E2406A1F9CE63B00D7A7AA /* ChecklistViewController.swift in Sources */,
				3653992C1FB1E650001978DD /* Checklist.swift in Sources */,
				363DB8491FB59C470023EBDA /* IconPickerViewController.swift in Sources */,
				3674CCF81FB1EDF900B25FC2 /* ListDetailViewController.swift in Sources */,
				29E2407A1F9CF22100D7A7AA /* ChecklistItem.swift in Sources */,
				3674CCFA1FB2014600B25FC2 /* DataModel.swift in Sources */,
				29358AD51FAF2017003F93A7 /* AllListsViewController.swift in Sources */,
				29E240681F9CE63B00D7A7AA /* AppDelegate.swift in Sources */,
			);
			runOnlyForDeploymentPostprocessing = 0;
		};
/* End PBXSourcesBuildPhase section */

/* Begin PBXVariantGroup section */
		29E2406B1F9CE63B00D7A7AA /* Main.storyboard */ = {
			isa = PBXVariantGroup;
			children = (
				29E2406C1F9CE63B00D7A7AA /* Base */,
			);
			name = Main.storyboard;
			sourceTree = "<group>";
		};
		29E240701F9CE63B00D7A7AA /* LaunchScreen.storyboard */ = {
			isa = PBXVariantGroup;
			children = (
				29E240711F9CE63B00D7A7AA /* Base */,
			);
			name = LaunchScreen.storyboard;
			sourceTree = "<group>";
		};
/* End PBXVariantGroup section */

/* Begin XCBuildConfiguration section */
		29E240741F9CE63B00D7A7AA /* Debug */ = {
			isa = XCBuildConfiguration;
			buildSettings = {
				ALWAYS_SEARCH_USER_PATHS = NO;
				CLANG_ANALYZER_NONNULL = YES;
				CLANG_ANALYZER_NUMBER_OBJECT_CONVERSION = YES_AGGRESSIVE;
				CLANG_CXX_LANGUAGE_STANDARD = "gnu++14";
				CLANG_CXX_LIBRARY = "libc++";
				CLANG_ENABLE_MODULES = YES;
				CLANG_ENABLE_OBJC_ARC = YES;
				CLANG_WARN_BLOCK_CAPTURE_AUTORELEASING = YES;
				CLANG_WARN_BOOL_CONVERSION = YES;
				CLANG_WARN_COMMA = YES;
				CLANG_WARN_CONSTANT_CONVERSION = YES;
				CLANG_WARN_DIRECT_OBJC_ISA_USAGE = YES_ERROR;
				CLANG_WARN_DOCUMENTATION_COMMENTS = YES;
				CLANG_WARN_EMPTY_BODY = YES;
				CLANG_WARN_ENUM_CONVERSION = YES;
				CLANG_WARN_INFINITE_RECURSION = YES;
				CLANG_WARN_INT_CONVERSION = YES;
				CLANG_WARN_NON_LITERAL_NULL_CONVERSION = YES;
				CLANG_WARN_OBJC_LITERAL_CONVERSION = YES;
				CLANG_WARN_OBJC_ROOT_CLASS = YES_ERROR;
				CLANG_WARN_RANGE_LOOP_ANALYSIS = YES;
				CLANG_WARN_STRICT_PROTOTYPES = YES;
				CLANG_WARN_SUSPICIOUS_MOVE = YES;
				CLANG_WARN_UNGUARDED_AVAILABILITY = YES_AGGRESSIVE;
				CLANG_WARN_UNREACHABLE_CODE = YES;
				CLANG_WARN__DUPLICATE_METHOD_MATCH = YES;
				CODE_SIGN_IDENTITY = "iPhone Developer";
				COPY_PHASE_STRIP = NO;
				DEBUG_INFORMATION_FORMAT = dwarf;
				ENABLE_STRICT_OBJC_MSGSEND = YES;
				ENABLE_TESTABILITY = YES;
				GCC_C_LANGUAGE_STANDARD = gnu11;
				GCC_DYNAMIC_NO_PIC = NO;
				GCC_NO_COMMON_BLOCKS = YES;
				GCC_OPTIMIZATION_LEVEL = 0;
				GCC_PREPROCESSOR_DEFINITIONS = (
					"DEBUG=1",
					"$(inherited)",
				);
				GCC_WARN_64_TO_32_BIT_CONVERSION = YES;
				GCC_WARN_ABOUT_RETURN_TYPE = YES_ERROR;
				GCC_WARN_UNDECLARED_SELECTOR = YES;
				GCC_WARN_UNINITIALIZED_AUTOS = YES_AGGRESSIVE;
				GCC_WARN_UNUSED_FUNCTION = YES;
				GCC_WARN_UNUSED_VARIABLE = YES;
				IPHONEOS_DEPLOYMENT_TARGET = 11.0;
				MTL_ENABLE_DEBUG_INFO = YES;
				ONLY_ACTIVE_ARCH = YES;
				SDKROOT = iphoneos;
				SWIFT_ACTIVE_COMPILATION_CONDITIONS = DEBUG;
				SWIFT_OPTIMIZATION_LEVEL = "-Onone";
			};
			name = Debug;
		};
		29E240751F9CE63B00D7A7AA /* Release */ = {
			isa = XCBuildConfiguration;
			buildSettings = {
				ALWAYS_SEARCH_USER_PATHS = NO;
				CLANG_ANALYZER_NONNULL = YES;
				CLANG_ANALYZER_NUMBER_OBJECT_CONVERSION = YES_AGGRESSIVE;
				CLANG_CXX_LANGUAGE_STANDARD = "gnu++14";
				CLANG_CXX_LIBRARY = "libc++";
				CLANG_ENABLE_MODULES = YES;
				CLANG_ENABLE_OBJC_ARC = YES;
				CLANG_WARN_BLOCK_CAPTURE_AUTORELEASING = YES;
				CLANG_WARN_BOOL_CONVERSION = YES;
				CLANG_WARN_COMMA = YES;
				CLANG_WARN_CONSTANT_CONVERSION = YES;
				CLANG_WARN_DIRECT_OBJC_ISA_USAGE = YES_ERROR;
				CLANG_WARN_DOCUMENTATION_COMMENTS = YES;
				CLANG_WARN_EMPTY_BODY = YES;
				CLANG_WARN_ENUM_CONVERSION = YES;
				CLANG_WARN_INFINITE_RECURSION = YES;
				CLANG_WARN_INT_CONVERSION = YES;
				CLANG_WARN_NON_LITERAL_NULL_CONVERSION = YES;
				CLANG_WARN_OBJC_LITERAL_CONVERSION = YES;
				CLANG_WARN_OBJC_ROOT_CLASS = YES_ERROR;
				CLANG_WARN_RANGE_LOOP_ANALYSIS = YES;
				CLANG_WARN_STRICT_PROTOTYPES = YES;
				CLANG_WARN_SUSPICIOUS_MOVE = YES;
				CLANG_WARN_UNGUARDED_AVAILABILITY = YES_AGGRESSIVE;
				CLANG_WARN_UNREACHABLE_CODE = YES;
				CLANG_WARN__DUPLICATE_METHOD_MATCH = YES;
				CODE_SIGN_IDENTITY = "iPhone Developer";
				COPY_PHASE_STRIP = NO;
				DEBUG_INFORMATION_FORMAT = "dwarf-with-dsym";
				ENABLE_NS_ASSERTIONS = NO;
				ENABLE_STRICT_OBJC_MSGSEND = YES;
				GCC_C_LANGUAGE_STANDARD = gnu11;
				GCC_NO_COMMON_BLOCKS = YES;
				GCC_WARN_64_TO_32_BIT_CONVERSION = YES;
				GCC_WARN_ABOUT_RETURN_TYPE = YES_ERROR;
				GCC_WARN_UNDECLARED_SELECTOR = YES;
				GCC_WARN_UNINITIALIZED_AUTOS = YES_AGGRESSIVE;
				GCC_WARN_UNUSED_FUNCTION = YES;
				GCC_WARN_UNUSED_VARIABLE = YES;
				IPHONEOS_DEPLOYMENT_TARGET = 11.0;
				MTL_ENABLE_DEBUG_INFO = NO;
				SDKROOT = iphoneos;
				SWIFT_OPTIMIZATION_LEVEL = "-Owholemodule";
				VALIDATE_PRODUCT = YES;
			};
			name = Release;
		};
		29E240771F9CE63B00D7A7AA /* Debug */ = {
			isa = XCBuildConfiguration;
			buildSettings = {
				ASSETCATALOG_COMPILER_APPICON_NAME = AppIcon;
				CODE_SIGN_STYLE = Automatic;
				DEVELOPMENT_TEAM = NRU5YEF35L;
				INFOPLIST_FILE = Checklists/Info.plist;
				LD_RUNPATH_SEARCH_PATHS = "$(inherited) @executable_path/Frameworks";
				PRODUCT_BUNDLE_IDENTIFIER = com.martinrist.Checklists;
				PRODUCT_NAME = "$(TARGET_NAME)";
				SWIFT_VERSION = 4.0;
				TARGETED_DEVICE_FAMILY = "1,2";
			};
			name = Debug;
		};
		29E240781F9CE63B00D7A7AA /* Release */ = {
			isa = XCBuildConfiguration;
			buildSettings = {
				ASSETCATALOG_COMPILER_APPICON_NAME = AppIcon;
				CODE_SIGN_STYLE = Automatic;
				DEVELOPMENT_TEAM = NRU5YEF35L;
				INFOPLIST_FILE = Checklists/Info.plist;
				LD_RUNPATH_SEARCH_PATHS = "$(inherited) @executable_path/Frameworks";
				PRODUCT_BUNDLE_IDENTIFIER = com.martinrist.Checklists;
				PRODUCT_NAME = "$(TARGET_NAME)";
				SWIFT_VERSION = 4.0;
				TARGETED_DEVICE_FAMILY = "1,2";
			};
			name = Release;
		};
/* End XCBuildConfiguration section */

/* Begin XCConfigurationList section */
		29E2405F1F9CE63B00D7A7AA /* Build configuration list for PBXProject "Checklists" */ = {
			isa = XCConfigurationList;
			buildConfigurations = (
				29E240741F9CE63B00D7A7AA /* Debug */,
				29E240751F9CE63B00D7A7AA /* Release */,
			);
			defaultConfigurationIsVisible = 0;
			defaultConfigurationName = Release;
		};
		29E240761F9CE63B00D7A7AA /* Build configuration list for PBXNativeTarget "Checklists" */ = {
			isa = XCConfigurationList;
			buildConfigurations = (
				29E240771F9CE63B00D7A7AA /* Debug */,
				29E240781F9CE63B00D7A7AA /* Release */,
			);
			defaultConfigurationIsVisible = 0;
			defaultConfigurationName = Release;
		};
/* End XCConfigurationList section */
	};
	rootObject = 29E2405C1F9CE63B00D7A7AA /* Project object */;
}
