// !$*UTF8*$!
{
	archiveVersion = 1;
	classes = {
	};
	objectVersion = 48;
	objects = {

/* Begin PBXBuildFile section */
		299B4D271FF6A7FB00C147D7 /* AppDelegate.swift in Sources */ = {isa = PBXBuildFile; fileRef = 299B4D261FF6A7FB00C147D7 /* AppDelegate.swift */; };
		299B4D291FF6A7FB00C147D7 /* SearchViewController.swift in Sources */ = {isa = PBXBuildFile; fileRef = 299B4D281FF6A7FB00C147D7 /* SearchViewController.swift */; };
		299B4D2C1FF6A7FB00C147D7 /* Main.storyboard in Resources */ = {isa = PBXBuildFile; fileRef = 299B4D2A1FF6A7FB00C147D7 /* Main.storyboard */; };
		299B4D2E1FF6A7FB00C147D7 /* Assets.xcassets in Resources */ = {isa = PBXBuildFile; fileRef = 299B4D2D1FF6A7FB00C147D7 /* Assets.xcassets */; };
		299EF358200A675000028AD2 /* FadeOutAnimationController.swift in Sources */ = {isa = PBXBuildFile; fileRef = 299EF357200A675000028AD2 /* FadeOutAnimationController.swift */; };
		36077EA42006093D0049E9C0 /* UIImageView+DownloadImage.swift in Sources */ = {isa = PBXBuildFile; fileRef = 36077EA32006093D0049E9C0 /* UIImageView+DownloadImage.swift */; };
		36079F0A200CB81400D0B912 /* Search.swift in Sources */ = {isa = PBXBuildFile; fileRef = 36079F09200CB81400D0B912 /* Search.swift */; };
		361FE6EF200CDD96000F8381 /* NothingFoundCell.xib in Resources */ = {isa = PBXBuildFile; fileRef = 361FE6F1200CDD96000F8381 /* NothingFoundCell.xib */; };
		361FE6F3200CDEB3000F8381 /* LoadingCell.xib in Resources */ = {isa = PBXBuildFile; fileRef = 361FE6F5200CDEB3000F8381 /* LoadingCell.xib */; };
		361FE6FA200CE080000F8381 /* SearchResultCell.xib in Resources */ = {isa = PBXBuildFile; fileRef = 361FE6FC200CE080000F8381 /* SearchResultCell.xib */; };
		361FE6FF200CE1C3000F8381 /* Localizable.strings in Resources */ = {isa = PBXBuildFile; fileRef = 361FE701200CE1C3000F8381 /* Localizable.strings */; };
		361FE705200CE50E000F8381 /* InfoPlist.strings in Resources */ = {isa = PBXBuildFile; fileRef = 361FE707200CE50E000F8381 /* InfoPlist.strings */; };
		361FE70A200CF95C000F8381 /* MenuViewController.swift in Sources */ = {isa = PBXBuildFile; fileRef = 361FE709200CF95C000F8381 /* MenuViewController.swift */; };
		369757712007A56700191BD5 /* BounceAnimationController.swift in Sources */ = {isa = PBXBuildFile; fileRef = 369757702007A56700191BD5 /* BounceAnimationController.swift */; };
		369757732007A85300191BD5 /* SlideOutAnimationController.swift in Sources */ = {isa = PBXBuildFile; fileRef = 369757722007A85300191BD5 /* SlideOutAnimationController.swift */; };
		369757782007B6F900191BD5 /* LandscapeViewController.swift in Sources */ = {isa = PBXBuildFile; fileRef = 369757762007B6F900191BD5 /* LandscapeViewController.swift */; };
		36D96EB81FFBBA9000673992 /* SearchResultCell.swift in Sources */ = {isa = PBXBuildFile; fileRef = 36D96EB71FFBBA9000673992 /* SearchResultCell.swift */; };
		36D96EBA1FFBBAC100673992 /* SearchResult.swift in Sources */ = {isa = PBXBuildFile; fileRef = 36D96EB91FFBBAC100673992 /* SearchResult.swift */; };
		36DF4792200786BD001A0139 /* DetailViewController.swift in Sources */ = {isa = PBXBuildFile; fileRef = 36DF4791200786BD001A0139 /* DetailViewController.swift */; };
		36DF4796200789D0001A0139 /* DimmingPresentationController.swift in Sources */ = {isa = PBXBuildFile; fileRef = 36DF4795200789D0001A0139 /* DimmingPresentationController.swift */; };
		36DF47982007A2A7001A0139 /* GradientView.swift in Sources */ = {isa = PBXBuildFile; fileRef = 36DF47972007A2A7001A0139 /* GradientView.swift */; };
/* End PBXBuildFile section */

/* Begin PBXFileReference section */
		299B4D231FF6A7FB00C147D7 /* StoreSearch.app */ = {isa = PBXFileReference; explicitFileType = wrapper.application; includeInIndex = 0; path = StoreSearch.app; sourceTree = BUILT_PRODUCTS_DIR; };
		299B4D261FF6A7FB00C147D7 /* AppDelegate.swift */ = {isa = PBXFileReference; lastKnownFileType = sourcecode.swift; path = AppDelegate.swift; sourceTree = "<group>"; };
		299B4D281FF6A7FB00C147D7 /* SearchViewController.swift */ = {isa = PBXFileReference; lastKnownFileType = sourcecode.swift; path = SearchViewController.swift; sourceTree = "<group>"; };
		299B4D2B1FF6A7FB00C147D7 /* Base */ = {isa = PBXFileReference; lastKnownFileType = file.storyboard; name = Base; path = Base.lproj/Main.storyboard; sourceTree = "<group>"; };
		299B4D2D1FF6A7FB00C147D7 /* Assets.xcassets */ = {isa = PBXFileReference; lastKnownFileType = folder.assetcatalog; path = Assets.xcassets; sourceTree = "<group>"; };
		299B4D321FF6A7FB00C147D7 /* Info.plist */ = {isa = PBXFileReference; lastKnownFileType = text.plist.xml; path = Info.plist; sourceTree = "<group>"; };
		299EF357200A675000028AD2 /* FadeOutAnimationController.swift */ = {isa = PBXFileReference; lastKnownFileType = sourcecode.swift; path = FadeOutAnimationController.swift; sourceTree = "<group>"; };
		36077EA32006093D0049E9C0 /* UIImageView+DownloadImage.swift */ = {isa = PBXFileReference; lastKnownFileType = sourcecode.swift; path = "UIImageView+DownloadImage.swift"; sourceTree = "<group>"; };
		36079F09200CB81400D0B912 /* Search.swift */ = {isa = PBXFileReference; fileEncoding = 4; lastKnownFileType = sourcecode.swift; path = Search.swift; sourceTree = "<group>"; };
		361FE6F0200CDD96000F8381 /* en */ = {isa = PBXFileReference; lastKnownFileType = file.xib; name = en; path = en.lproj/NothingFoundCell.xib; sourceTree = "<group>"; };
		361FE6F2200CDDD6000F8381 /* nl */ = {isa = PBXFileReference; lastKnownFileType = file.xib; name = nl; path = nl.lproj/NothingFoundCell.xib; sourceTree = "<group>"; };
		361FE6F4200CDEB3000F8381 /* Base */ = {isa = PBXFileReference; lastKnownFileType = file.xib; name = Base; path = Base.lproj/LoadingCell.xib; sourceTree = "<group>"; };
		361FE6F7200CDEC0000F8381 /* nl */ = {isa = PBXFileReference; lastKnownFileType = text.plist.strings; name = nl; path = nl.lproj/LoadingCell.strings; sourceTree = "<group>"; };
		361FE6F9200CDFBC000F8381 /* nl */ = {isa = PBXFileReference; lastKnownFileType = text.plist.strings; name = nl; path = nl.lproj/Main.strings; sourceTree = "<group>"; };
		361FE6FB200CE080000F8381 /* Base */ = {isa = PBXFileReference; lastKnownFileType = file.xib; name = Base; path = Base.lproj/SearchResultCell.xib; sourceTree = "<group>"; };
		361FE700200CE1C3000F8381 /* en */ = {isa = PBXFileReference; lastKnownFileType = text.plist.strings; name = en; path = en.lproj/Localizable.strings; sourceTree = "<group>"; };
		361FE702200CE230000F8381 /* nl */ = {isa = PBXFileReference; lastKnownFileType = text.plist.strings; name = nl; path = nl.lproj/Localizable.strings; sourceTree = "<group>"; };
		361FE706200CE50E000F8381 /* en */ = {isa = PBXFileReference; lastKnownFileType = text.plist.strings; name = en; path = en.lproj/InfoPlist.strings; sourceTree = "<group>"; };
		361FE708200CE510000F8381 /* nl */ = {isa = PBXFileReference; lastKnownFileType = text.plist.strings; name = nl; path = nl.lproj/InfoPlist.strings; sourceTree = "<group>"; };
		361FE709200CF95C000F8381 /* MenuViewController.swift */ = {isa = PBXFileReference; lastKnownFileType = sourcecode.swift; path = MenuViewController.swift; sourceTree = "<group>"; };
		369757702007A56700191BD5 /* BounceAnimationController.swift */ = {isa = PBXFileReference; lastKnownFileType = sourcecode.swift; path = BounceAnimationController.swift; sourceTree = "<group>"; };
		369757722007A85300191BD5 /* SlideOutAnimationController.swift */ = {isa = PBXFileReference; lastKnownFileType = sourcecode.swift; path = SlideOutAnimationController.swift; sourceTree = "<group>"; };
		369757762007B6F900191BD5 /* LandscapeViewController.swift */ = {isa = PBXFileReference; lastKnownFileType = sourcecode.swift; path = LandscapeViewController.swift; sourceTree = "<group>"; };
		36D96EB71FFBBA9000673992 /* SearchResultCell.swift */ = {isa = PBXFileReference; fileEncoding = 4; lastKnownFileType = sourcecode.swift; path = SearchResultCell.swift; sourceTree = "<group>"; };
		36D96EB91FFBBAC100673992 /* SearchResult.swift */ = {isa = PBXFileReference; fileEncoding = 4; lastKnownFileType = sourcecode.swift; path = SearchResult.swift; sourceTree = "<group>"; };
		36DF4791200786BD001A0139 /* DetailViewController.swift */ = {isa = PBXFileReference; lastKnownFileType = sourcecode.swift; path = DetailViewController.swift; sourceTree = "<group>"; };
		36DF4795200789D0001A0139 /* DimmingPresentationController.swift */ = {isa = PBXFileReference; lastKnownFileType = sourcecode.swift; path = DimmingPresentationController.swift; sourceTree = "<group>"; };
		36DF47972007A2A7001A0139 /* GradientView.swift */ = {isa = PBXFileReference; lastKnownFileType = sourcecode.swift; path = GradientView.swift; sourceTree = "<group>"; };
/* End PBXFileReference section */

/* Begin PBXFrameworksBuildPhase section */
		299B4D201FF6A7FB00C147D7 /* Frameworks */ = {
			isa = PBXFrameworksBuildPhase;
			buildActionMask = 2147483647;
			files = (
			);
			runOnlyForDeploymentPostprocessing = 0;
		};
/* End PBXFrameworksBuildPhase section */

/* Begin PBXGroup section */
		299B4D1A1FF6A7FB00C147D7 = {
			isa = PBXGroup;
			children = (
				299B4D251FF6A7FB00C147D7 /* StoreSearch */,
				299B4D241FF6A7FB00C147D7 /* Products */,
			);
			sourceTree = "<group>";
		};
		299B4D241FF6A7FB00C147D7 /* Products */ = {
			isa = PBXGroup;
			children = (
				299B4D231FF6A7FB00C147D7 /* StoreSearch.app */,
			);
			name = Products;
			sourceTree = "<group>";
		};
		299B4D251FF6A7FB00C147D7 /* StoreSearch */ = {
			isa = PBXGroup;
			children = (
				299B4D261FF6A7FB00C147D7 /* AppDelegate.swift */,
				299B4D281FF6A7FB00C147D7 /* SearchViewController.swift */,
				299B4D2A1FF6A7FB00C147D7 /* Main.storyboard */,
				299B4D2D1FF6A7FB00C147D7 /* Assets.xcassets */,
				299B4D321FF6A7FB00C147D7 /* Info.plist */,
				361FE707200CE50E000F8381 /* InfoPlist.strings */,
				36D96EB91FFBBAC100673992 /* SearchResult.swift */,
				361FE6FC200CE080000F8381 /* SearchResultCell.xib */,
				36D96EB71FFBBA9000673992 /* SearchResultCell.swift */,
				361FE6F1200CDD96000F8381 /* NothingFoundCell.xib */,
				361FE6F5200CDEB3000F8381 /* LoadingCell.xib */,
				36077EA32006093D0049E9C0 /* UIImageView+DownloadImage.swift */,
				36DF4791200786BD001A0139 /* DetailViewController.swift */,
				36DF4795200789D0001A0139 /* DimmingPresentationController.swift */,
				36DF47972007A2A7001A0139 /* GradientView.swift */,
				369757702007A56700191BD5 /* BounceAnimationController.swift */,
				369757722007A85300191BD5 /* SlideOutAnimationController.swift */,
				369757762007B6F900191BD5 /* LandscapeViewController.swift */,
				299EF357200A675000028AD2 /* FadeOutAnimationController.swift */,
				36079F09200CB81400D0B912 /* Search.swift */,
				361FE701200CE1C3000F8381 /* Localizable.strings */,
				361FE709200CF95C000F8381 /* MenuViewController.swift */,
			);
			path = StoreSearch;
			sourceTree = "<group>";
		};
/* End PBXGroup section */

/* Begin PBXNativeTarget section */
		299B4D221FF6A7FB00C147D7 /* StoreSearch */ = {
			isa = PBXNativeTarget;
			buildConfigurationList = 299B4D351FF6A7FB00C147D7 /* Build configuration list for PBXNativeTarget "StoreSearch" */;
			buildPhases = (
				299B4D1F1FF6A7FB00C147D7 /* Sources */,
				299B4D201FF6A7FB00C147D7 /* Frameworks */,
				299B4D211FF6A7FB00C147D7 /* Resources */,
			);
			buildRules = (
			);
			dependencies = (
			);
			name = StoreSearch;
			productName = StoreSearch;
			productReference = 299B4D231FF6A7FB00C147D7 /* StoreSearch.app */;
			productType = "com.apple.product-type.application";
		};
/* End PBXNativeTarget section */

/* Begin PBXProject section */
		299B4D1B1FF6A7FB00C147D7 /* Project object */ = {
			isa = PBXProject;
			attributes = {
				LastSwiftUpdateCheck = 0920;
				LastUpgradeCheck = 0920;
				ORGANIZATIONNAME = "Martin Rist";
				TargetAttributes = {
					299B4D221FF6A7FB00C147D7 = {
						CreatedOnToolsVersion = 9.2;
						ProvisioningStyle = Automatic;
					};
				};
			};
			buildConfigurationList = 299B4D1E1FF6A7FB00C147D7 /* Build configuration list for PBXProject "StoreSearch" */;
			compatibilityVersion = "Xcode 8.0";
			developmentRegion = en;
			hasScannedForEncodings = 0;
			knownRegions = (
				en,
				Base,
				nl,
			);
			mainGroup = 299B4D1A1FF6A7FB00C147D7;
			productRefGroup = 299B4D241FF6A7FB00C147D7 /* Products */;
			projectDirPath = "";
			projectRoot = "";
			targets = (
				299B4D221FF6A7FB00C147D7 /* StoreSearch */,
			);
		};
/* End PBXProject section */

/* Begin PBXResourcesBuildPhase section */
		299B4D211FF6A7FB00C147D7 /* Resources */ = {
			isa = PBXResourcesBuildPhase;
			buildActionMask = 2147483647;
			files = (
				299B4D2E1FF6A7FB00C147D7 /* Assets.xcassets in Resources */,
				361FE705200CE50E000F8381 /* InfoPlist.strings in Resources */,
				361FE6FF200CE1C3000F8381 /* Localizable.strings in Resources */,
				361FE6F3200CDEB3000F8381 /* LoadingCell.xib in Resources */,
				361FE6FA200CE080000F8381 /* SearchResultCell.xib in Resources */,
				361FE6EF200CDD96000F8381 /* NothingFoundCell.xib in Resources */,
				299B4D2C1FF6A7FB00C147D7 /* Main.storyboard in Resources */,
			);
			runOnlyForDeploymentPostprocessing = 0;
		};
/* End PBXResourcesBuildPhase section */

/* Begin PBXSourcesBuildPhase section */
		299B4D1F1FF6A7FB00C147D7 /* Sources */ = {
			isa = PBXSourcesBuildPhase;
			buildActionMask = 2147483647;
			files = (
				36079F0A200CB81400D0B912 /* Search.swift in Sources */,
				299B4D291FF6A7FB00C147D7 /* SearchViewController.swift in Sources */,
				36DF4796200789D0001A0139 /* DimmingPresentationController.swift in Sources */,
				361FE70A200CF95C000F8381 /* MenuViewController.swift in Sources */,
				299EF358200A675000028AD2 /* FadeOutAnimationController.swift in Sources */,
				36D96EB81FFBBA9000673992 /* SearchResultCell.swift in Sources */,
				36D96EBA1FFBBAC100673992 /* SearchResult.swift in Sources */,
				369757712007A56700191BD5 /* BounceAnimationController.swift in Sources */,
				369757782007B6F900191BD5 /* LandscapeViewController.swift in Sources */,
				36DF4792200786BD001A0139 /* DetailViewController.swift in Sources */,
				299B4D271FF6A7FB00C147D7 /* AppDelegate.swift in Sources */,
				36DF47982007A2A7001A0139 /* GradientView.swift in Sources */,
				36077EA42006093D0049E9C0 /* UIImageView+DownloadImage.swift in Sources */,
				369757732007A85300191BD5 /* SlideOutAnimationController.swift in Sources */,
			);
			runOnlyForDeploymentPostprocessing = 0;
		};
/* End PBXSourcesBuildPhase section */

/* Begin PBXVariantGroup section */
		299B4D2A1FF6A7FB00C147D7 /* Main.storyboard */ = {
			isa = PBXVariantGroup;
			children = (
				299B4D2B1FF6A7FB00C147D7 /* Base */,
				361FE6F9200CDFBC000F8381 /* nl */,
			);
			name = Main.storyboard;
			sourceTree = "<group>";
		};
		361FE6F1200CDD96000F8381 /* NothingFoundCell.xib */ = {
			isa = PBXVariantGroup;
			children = (
				361FE6F0200CDD96000F8381 /* en */,
				361FE6F2200CDDD6000F8381 /* nl */,
			);
			name = NothingFoundCell.xib;
			sourceTree = "<group>";
		};
		361FE6F5200CDEB3000F8381 /* LoadingCell.xib */ = {
			isa = PBXVariantGroup;
			children = (
				361FE6F4200CDEB3000F8381 /* Base */,
				361FE6F7200CDEC0000F8381 /* nl */,
			);
			name = LoadingCell.xib;
			sourceTree = "<group>";
		};
		361FE6FC200CE080000F8381 /* SearchResultCell.xib */ = {
			isa = PBXVariantGroup;
			children = (
				361FE6FB200CE080000F8381 /* Base */,
			);
			name = SearchResultCell.xib;
			sourceTree = "<group>";
		};
		361FE701200CE1C3000F8381 /* Localizable.strings */ = {
			isa = PBXVariantGroup;
			children = (
				361FE700200CE1C3000F8381 /* en */,
				361FE702200CE230000F8381 /* nl */,
			);
			name = Localizable.strings;
			sourceTree = "<group>";
		};
		361FE707200CE50E000F8381 /* InfoPlist.strings */ = {
			isa = PBXVariantGroup;
			children = (
				361FE706200CE50E000F8381 /* en */,
				361FE708200CE510000F8381 /* nl */,
			);
			name = InfoPlist.strings;
			sourceTree = "<group>";
		};
/* End PBXVariantGroup section */

/* Begin XCBuildConfiguration section */
		299B4D331FF6A7FB00C147D7 /* Debug */ = {
			isa = XCBuildConfiguration;
			buildSettings = {
				ALWAYS_SEARCH_USER_PATHS = NO;
				CLANG_ANALYZER_LOCALIZABILITY_NONLOCALIZED = YES;
				CLANG_ANALYZER_NONNULL = YES;
				CLANG_ANALYZER_NUMBER_OBJECT_CONVERSION = YES_AGGRESSIVE;
				CLANG_CXX_LANGUAGE_STANDARD = "gnu++14";
				CLANG_CXX_LIBRARY = "libc++";
				CLANG_ENABLE_MODULES = YES;
				CLANG_ENABLE_OBJC_ARC = YES;
				CLANG_WARN_BLOCK_CAPTURE_AUTORELEASING = YES;
				CLANG_WARN_BOOL_CONVERSION = YES;
				CLANG_WARN_COMMA = YES;
				CLANG_WARN_CONSTANT_CONVERSION = YES;
				CLANG_WARN_DIRECT_OBJC_ISA_USAGE = YES_ERROR;
				CLANG_WARN_DOCUMENTATION_COMMENTS = YES;
				CLANG_WARN_EMPTY_BODY = YES;
				CLANG_WARN_ENUM_CONVERSION = YES;
				CLANG_WARN_INFINITE_RECURSION = YES;
				CLANG_WARN_INT_CONVERSION = YES;
				CLANG_WARN_NON_LITERAL_NULL_CONVERSION = YES;
				CLANG_WARN_OBJC_LITERAL_CONVERSION = YES;
				CLANG_WARN_OBJC_ROOT_CLASS = YES_ERROR;
				CLANG_WARN_RANGE_LOOP_ANALYSIS = YES;
				CLANG_WARN_STRICT_PROTOTYPES = YES;
				CLANG_WARN_SUSPICIOUS_MOVE = YES;
				CLANG_WARN_UNGUARDED_AVAILABILITY = YES_AGGRESSIVE;
				CLANG_WARN_UNREACHABLE_CODE = YES;
				CLANG_WARN__DUPLICATE_METHOD_MATCH = YES;
				CODE_SIGN_IDENTITY = "iPhone Developer";
				COPY_PHASE_STRIP = NO;
				DEBUG_INFORMATION_FORMAT = dwarf;
				ENABLE_STRICT_OBJC_MSGSEND = YES;
				ENABLE_TESTABILITY = YES;
				GCC_C_LANGUAGE_STANDARD = gnu11;
				GCC_DYNAMIC_NO_PIC = NO;
				GCC_NO_COMMON_BLOCKS = YES;
				GCC_OPTIMIZATION_LEVEL = 0;
				GCC_PREPROCESSOR_DEFINITIONS = (
					"DEBUG=1",
					"$(inherited)",
				);
				GCC_WARN_64_TO_32_BIT_CONVERSION = YES;
				GCC_WARN_ABOUT_RETURN_TYPE = YES_ERROR;
				GCC_WARN_UNDECLARED_SELECTOR = YES;
				GCC_WARN_UNINITIALIZED_AUTOS = YES_AGGRESSIVE;
				GCC_WARN_UNUSED_FUNCTION = YES;
				GCC_WARN_UNUSED_VARIABLE = YES;
				IPHONEOS_DEPLOYMENT_TARGET = 11.2;
				MTL_ENABLE_DEBUG_INFO = YES;
				ONLY_ACTIVE_ARCH = YES;
				SDKROOT = iphoneos;
				SWIFT_ACTIVE_COMPILATION_CONDITIONS = DEBUG;
				SWIFT_OPTIMIZATION_LEVEL = "-Onone";
			};
			name = Debug;
		};
		299B4D341FF6A7FB00C147D7 /* Release */ = {
			isa = XCBuildConfiguration;
			buildSettings = {
				ALWAYS_SEARCH_USER_PATHS = NO;
				CLANG_ANALYZER_LOCALIZABILITY_NONLOCALIZED = YES;
				CLANG_ANALYZER_NONNULL = YES;
				CLANG_ANALYZER_NUMBER_OBJECT_CONVERSION = YES_AGGRESSIVE;
				CLANG_CXX_LANGUAGE_STANDARD = "gnu++14";
				CLANG_CXX_LIBRARY = "libc++";
				CLANG_ENABLE_MODULES = YES;
				CLANG_ENABLE_OBJC_ARC = YES;
				CLANG_WARN_BLOCK_CAPTURE_AUTORELEASING = YES;
				CLANG_WARN_BOOL_CONVERSION = YES;
				CLANG_WARN_COMMA = YES;
				CLANG_WARN_CONSTANT_CONVERSION = YES;
				CLANG_WARN_DIRECT_OBJC_ISA_USAGE = YES_ERROR;
				CLANG_WARN_DOCUMENTATION_COMMENTS = YES;
				CLANG_WARN_EMPTY_BODY = YES;
				CLANG_WARN_ENUM_CONVERSION = YES;
				CLANG_WARN_INFINITE_RECURSION = YES;
				CLANG_WARN_INT_CONVERSION = YES;
				CLANG_WARN_NON_LITERAL_NULL_CONVERSION = YES;
				CLANG_WARN_OBJC_LITERAL_CONVERSION = YES;
				CLANG_WARN_OBJC_ROOT_CLASS = YES_ERROR;
				CLANG_WARN_RANGE_LOOP_ANALYSIS = YES;
				CLANG_WARN_STRICT_PROTOTYPES = YES;
				CLANG_WARN_SUSPICIOUS_MOVE = YES;
				CLANG_WARN_UNGUARDED_AVAILABILITY = YES_AGGRESSIVE;
				CLANG_WARN_UNREACHABLE_CODE = YES;
				CLANG_WARN__DUPLICATE_METHOD_MATCH = YES;
				CODE_SIGN_IDENTITY = "iPhone Developer";
				COPY_PHASE_STRIP = NO;
				DEBUG_INFORMATION_FORMAT = "dwarf-with-dsym";
				ENABLE_NS_ASSERTIONS = NO;
				ENABLE_STRICT_OBJC_MSGSEND = YES;
				GCC_C_LANGUAGE_STANDARD = gnu11;
				GCC_NO_COMMON_BLOCKS = YES;
				GCC_WARN_64_TO_32_BIT_CONVERSION = YES;
				GCC_WARN_ABOUT_RETURN_TYPE = YES_ERROR;
				GCC_WARN_UNDECLARED_SELECTOR = YES;
				GCC_WARN_UNINITIALIZED_AUTOS = YES_AGGRESSIVE;
				GCC_WARN_UNUSED_FUNCTION = YES;
				GCC_WARN_UNUSED_VARIABLE = YES;
				IPHONEOS_DEPLOYMENT_TARGET = 11.2;
				MTL_ENABLE_DEBUG_INFO = NO;
				SDKROOT = iphoneos;
				SWIFT_OPTIMIZATION_LEVEL = "-Owholemodule";
				VALIDATE_PRODUCT = YES;
			};
			name = Release;
		};
		299B4D361FF6A7FB00C147D7 /* Debug */ = {
			isa = XCBuildConfiguration;
			buildSettings = {
				ASSETCATALOG_COMPILER_APPICON_NAME = AppIcon;
				CODE_SIGN_STYLE = Automatic;
				DEVELOPMENT_TEAM = NRU5YEF35L;
				INFOPLIST_FILE = StoreSearch/Info.plist;
				LD_RUNPATH_SEARCH_PATHS = "$(inherited) @executable_path/Frameworks";
				PRODUCT_BUNDLE_IDENTIFIER = com.martinrist.StoreSearch;
				PRODUCT_NAME = "$(TARGET_NAME)";
				SWIFT_VERSION = 4.0;
				TARGETED_DEVICE_FAMILY = "1,2";
			};
			name = Debug;
		};
		299B4D371FF6A7FB00C147D7 /* Release */ = {
			isa = XCBuildConfiguration;
			buildSettings = {
				ASSETCATALOG_COMPILER_APPICON_NAME = AppIcon;
				CODE_SIGN_STYLE = Automatic;
				DEVELOPMENT_TEAM = NRU5YEF35L;
				INFOPLIST_FILE = StoreSearch/Info.plist;
				LD_RUNPATH_SEARCH_PATHS = "$(inherited) @executable_path/Frameworks";
				PRODUCT_BUNDLE_IDENTIFIER = com.martinrist.StoreSearch;
				PRODUCT_NAME = "$(TARGET_NAME)";
				SWIFT_VERSION = 4.0;
				TARGETED_DEVICE_FAMILY = "1,2";
			};
			name = Release;
		};
/* End XCBuildConfiguration section */

/* Begin XCConfigurationList section */
		299B4D1E1FF6A7FB00C147D7 /* Build configuration list for PBXProject "StoreSearch" */ = {
			isa = XCConfigurationList;
			buildConfigurations = (
				299B4D331FF6A7FB00C147D7 /* Debug */,
				299B4D341FF6A7FB00C147D7 /* Release */,
			);
			defaultConfigurationIsVisible = 0;
			defaultConfigurationName = Release;
		};
		299B4D351FF6A7FB00C147D7 /* Build configuration list for PBXNativeTarget "StoreSearch" */ = {
			isa = XCConfigurationList;
			buildConfigurations = (
				299B4D361FF6A7FB00C147D7 /* Debug */,
				299B4D371FF6A7FB00C147D7 /* Release */,
			);
			defaultConfigurationIsVisible = 0;
			defaultConfigurationName = Release;
		};
/* End XCConfigurationList section */
	};
	rootObject = 299B4D1B1FF6A7FB00C147D7 /* Project object */;
}
